// !$*UTF8*$!
{
	archiveVersion = 1;
	classes = {
	};
	objectVersion = 48;
	objects = {

/* Begin PBXBuildFile section */
		790E3CBD204364DF0051D791 /* AppDelegate.swift in Sources */ = {isa = PBXBuildFile; fileRef = 790E3CBC204364DF0051D791 /* AppDelegate.swift */; };
		790E3CBF204364DF0051D791 /* ViewController.swift in Sources */ = {isa = PBXBuildFile; fileRef = 790E3CBE204364DF0051D791 /* ViewController.swift */; };
		790E3CC2204364DF0051D791 /* Main.storyboard in Resources */ = {isa = PBXBuildFile; fileRef = 790E3CC0204364DF0051D791 /* Main.storyboard */; };
		790E3CC4204364DF0051D791 /* Assets.xcassets in Resources */ = {isa = PBXBuildFile; fileRef = 790E3CC3204364DF0051D791 /* Assets.xcassets */; };
		790E3CC7204364DF0051D791 /* LaunchScreen.storyboard in Resources */ = {isa = PBXBuildFile; fileRef = 790E3CC5204364DF0051D791 /* LaunchScreen.storyboard */; };
		79E6E2A92043D10F00A81234 /* ProductService.swift in Sources */ = {isa = PBXBuildFile; fileRef = 79E6E2A82043D10F00A81234 /* ProductService.swift */; };
		E7CE4E0F487D58261413CB78 /* Pods_WaveChallenge.framework in Frameworks */ = {isa = PBXBuildFile; fileRef = 7D28ED94DC29D75A0FB7CA70 /* Pods_WaveChallenge.framework */; };
/* End PBXBuildFile section */

/* Begin PBXFileReference section */
		790E3CB9204364DF0051D791 /* WaveChallenge.app */ = {isa = PBXFileReference; explicitFileType = wrapper.application; includeInIndex = 0; path = WaveChallenge.app; sourceTree = BUILT_PRODUCTS_DIR; };
		790E3CBC204364DF0051D791 /* AppDelegate.swift */ = {isa = PBXFileReference; lastKnownFileType = sourcecode.swift; path = AppDelegate.swift; sourceTree = "<group>"; };
		790E3CBE204364DF0051D791 /* ViewController.swift */ = {isa = PBXFileReference; lastKnownFileType = sourcecode.swift; path = ViewController.swift; sourceTree = "<group>"; };
		790E3CC1204364DF0051D791 /* Base */ = {isa = PBXFileReference; lastKnownFileType = file.storyboard; name = Base; path = Base.lproj/Main.storyboard; sourceTree = "<group>"; };
		790E3CC3204364DF0051D791 /* Assets.xcassets */ = {isa = PBXFileReference; lastKnownFileType = folder.assetcatalog; path = Assets.xcassets; sourceTree = "<group>"; };
		790E3CC6204364DF0051D791 /* Base */ = {isa = PBXFileReference; lastKnownFileType = file.storyboard; name = Base; path = Base.lproj/LaunchScreen.storyboard; sourceTree = "<group>"; };
		790E3CC8204364DF0051D791 /* Info.plist */ = {isa = PBXFileReference; lastKnownFileType = text.plist.xml; path = Info.plist; sourceTree = "<group>"; };
		79E6E2A82043D10F00A81234 /* ProductService.swift */ = {isa = PBXFileReference; lastKnownFileType = sourcecode.swift; path = ProductService.swift; sourceTree = "<group>"; };
		7D28ED94DC29D75A0FB7CA70 /* Pods_WaveChallenge.framework */ = {isa = PBXFileReference; explicitFileType = wrapper.framework; includeInIndex = 0; path = Pods_WaveChallenge.framework; sourceTree = BUILT_PRODUCTS_DIR; };
		BD184E6FC46D514B21CA8CF9 /* Pods-WaveChallenge.debug.xcconfig */ = {isa = PBXFileReference; includeInIndex = 1; lastKnownFileType = text.xcconfig; name = "Pods-WaveChallenge.debug.xcconfig"; path = "Pods/Target Support Files/Pods-WaveChallenge/Pods-WaveChallenge.debug.xcconfig"; sourceTree = "<group>"; };
		FA9B3A5D6B45BA41691F34C8 /* Pods-WaveChallenge.release.xcconfig */ = {isa = PBXFileReference; includeInIndex = 1; lastKnownFileType = text.xcconfig; name = "Pods-WaveChallenge.release.xcconfig"; path = "Pods/Target Support Files/Pods-WaveChallenge/Pods-WaveChallenge.release.xcconfig"; sourceTree = "<group>"; };
/* End PBXFileReference section */

/* Begin PBXFrameworksBuildPhase section */
		790E3CB6204364DF0051D791 /* Frameworks */ = {
			isa = PBXFrameworksBuildPhase;
			buildActionMask = 2147483647;
			files = (
				E7CE4E0F487D58261413CB78 /* Pods_WaveChallenge.framework in Frameworks */,
			);
			runOnlyForDeploymentPostprocessing = 0;
		};
/* End PBXFrameworksBuildPhase section */

/* Begin PBXGroup section */
		790E3CB0204364DF0051D791 = {
			isa = PBXGroup;
			children = (
				790E3CBB204364DF0051D791 /* WaveChallenge */,
				790E3CBA204364DF0051D791 /* Products */,
				EC290F21EEB175D04E208430 /* Pods */,
				C95407B0A2C2D74BC2865BDF /* Frameworks */,
			);
			sourceTree = "<group>";
		};
		790E3CBA204364DF0051D791 /* Products */ = {
			isa = PBXGroup;
			children = (
				790E3CB9204364DF0051D791 /* WaveChallenge.app */,
			);
			name = Products;
			sourceTree = "<group>";
		};
		790E3CBB204364DF0051D791 /* WaveChallenge */ = {
			isa = PBXGroup;
			children = (
				79E6E2A72043D0F800A81234 /* Services */,
				790E3CBC204364DF0051D791 /* AppDelegate.swift */,
				790E3CBE204364DF0051D791 /* ViewController.swift */,
				790E3CC0204364DF0051D791 /* Main.storyboard */,
				790E3CC3204364DF0051D791 /* Assets.xcassets */,
				790E3CC5204364DF0051D791 /* LaunchScreen.storyboard */,
				790E3CC8204364DF0051D791 /* Info.plist */,
			);
			path = WaveChallenge;
			sourceTree = "<group>";
		};
		79E6E2A72043D0F800A81234 /* Services */ = {
			isa = PBXGroup;
			children = (
				79E6E2A82043D10F00A81234 /* ProductService.swift */,
			);
			path = Services;
			sourceTree = "<group>";
		};
		C95407B0A2C2D74BC2865BDF /* Frameworks */ = {
			isa = PBXGroup;
			children = (
				7D28ED94DC29D75A0FB7CA70 /* Pods_WaveChallenge.framework */,
			);
			name = Frameworks;
			sourceTree = "<group>";
		};
		EC290F21EEB175D04E208430 /* Pods */ = {
			isa = PBXGroup;
			children = (
				BD184E6FC46D514B21CA8CF9 /* Pods-WaveChallenge.debug.xcconfig */,
				FA9B3A5D6B45BA41691F34C8 /* Pods-WaveChallenge.release.xcconfig */,
			);
			name = Pods;
			sourceTree = "<group>";
		};
/* End PBXGroup section */

/* Begin PBXNativeTarget section */
		790E3CB8204364DF0051D791 /* WaveChallenge */ = {
			isa = PBXNativeTarget;
			buildConfigurationList = 790E3CCB204364DF0051D791 /* Build configuration list for PBXNativeTarget "WaveChallenge" */;
			buildPhases = (
				83B0C64C226FDAE94FF98A25 /* [CP] Check Pods Manifest.lock */,
				790E3CB5204364DF0051D791 /* Sources */,
				790E3CB6204364DF0051D791 /* Frameworks */,
				790E3CB7204364DF0051D791 /* Resources */,
				3D40C9EF967DE2A4EAFAC2E2 /* [CP] Embed Pods Frameworks */,
				7931687B0AD22E85E96A2245 /* [CP] Copy Pods Resources */,
			);
			buildRules = (
			);
			dependencies = (
			);
			name = WaveChallenge;
			productName = WaveChallenge;
			productReference = 790E3CB9204364DF0051D791 /* WaveChallenge.app */;
			productType = "com.apple.product-type.application";
		};
/* End PBXNativeTarget section */

/* Begin PBXProject section */
		790E3CB1204364DF0051D791 /* Project object */ = {
			isa = PBXProject;
			attributes = {
				LastSwiftUpdateCheck = 0920;
				LastUpgradeCheck = 0920;
				ORGANIZATIONNAME = ChrisHuyTa;
				TargetAttributes = {
					790E3CB8204364DF0051D791 = {
						CreatedOnToolsVersion = 9.2;
						ProvisioningStyle = Automatic;
					};
				};
			};
			buildConfigurationList = 790E3CB4204364DF0051D791 /* Build configuration list for PBXProject "WaveChallenge" */;
			compatibilityVersion = "Xcode 8.0";
			developmentRegion = en;
			hasScannedForEncodings = 0;
			knownRegions = (
				en,
				Base,
			);
			mainGroup = 790E3CB0204364DF0051D791;
			productRefGroup = 790E3CBA204364DF0051D791 /* Products */;
			projectDirPath = "";
			projectRoot = "";
			targets = (
				790E3CB8204364DF0051D791 /* WaveChallenge */,
			);
		};
/* End PBXProject section */

/* Begin PBXResourcesBuildPhase section */
		790E3CB7204364DF0051D791 /* Resources */ = {
			isa = PBXResourcesBuildPhase;
			buildActionMask = 2147483647;
			files = (
				790E3CC7204364DF0051D791 /* LaunchScreen.storyboard in Resources */,
				790E3CC4204364DF0051D791 /* Assets.xcassets in Resources */,
				790E3CC2204364DF0051D791 /* Main.storyboard in Resources */,
			);
			runOnlyForDeploymentPostprocessing = 0;
		};
/* End PBXResourcesBuildPhase section */

/* Begin PBXShellScriptBuildPhase section */
		3D40C9EF967DE2A4EAFAC2E2 /* [CP] Embed Pods Frameworks */ = {
			isa = PBXShellScriptBuildPhase;
			buildActionMask = 2147483647;
			files = (
			);
			inputPaths = (
				"${SRCROOT}/Pods/Target Support Files/Pods-WaveChallenge/Pods-WaveChallenge-frameworks.sh",
				"${BUILT_PRODUCTS_DIR}/Alamofire/Alamofire.framework",
			);
			name = "[CP] Embed Pods Frameworks";
			outputPaths = (
				"${TARGET_BUILD_DIR}/${FRAMEWORKS_FOLDER_PATH}/Alamofire.framework",
			);
			runOnlyForDeploymentPostprocessing = 0;
			shellPath = /bin/sh;
			shellScript = "\"${SRCROOT}/Pods/Target Support Files/Pods-WaveChallenge/Pods-WaveChallenge-frameworks.sh\"\n";
			showEnvVarsInLog = 0;
		};
		7931687B0AD22E85E96A2245 /* [CP] Copy Pods Resources */ = {
			isa = PBXShellScriptBuildPhase;
			buildActionMask = 2147483647;
			files = (
			);
			inputPaths = (
			);
			name = "[CP] Copy Pods Resources";
			outputPaths = (
			);
			runOnlyForDeploymentPostprocessing = 0;
			shellPath = /bin/sh;
			shellScript = "\"${SRCROOT}/Pods/Target Support Files/Pods-WaveChallenge/Pods-WaveChallenge-resources.sh\"\n";
			showEnvVarsInLog = 0;
		};
		83B0C64C226FDAE94FF98A25 /* [CP] Check Pods Manifest.lock */ = {
			isa = PBXShellScriptBuildPhase;
			buildActionMask = 2147483647;
			files = (
			);
			inputPaths = (
				"${PODS_PODFILE_DIR_PATH}/Podfile.lock",
				"${PODS_ROOT}/Manifest.lock",
			);
			name = "[CP] Check Pods Manifest.lock";
			outputPaths = (
				"$(DERIVED_FILE_DIR)/Pods-WaveChallenge-checkManifestLockResult.txt",
			);
			runOnlyForDeploymentPostprocessing = 0;
			shellPath = /bin/sh;
			shellScript = "diff \"${PODS_PODFILE_DIR_PATH}/Podfile.lock\" \"${PODS_ROOT}/Manifest.lock\" > /dev/null\nif [ $? != 0 ] ; then\n    # print error to STDERR\n    echo \"error: The sandbox is not in sync with the Podfile.lock. Run 'pod install' or update your CocoaPods installation.\" >&2\n    exit 1\nfi\n# This output is used by Xcode 'outputs' to avoid re-running this script phase.\necho \"SUCCESS\" > \"${SCRIPT_OUTPUT_FILE_0}\"\n";
			showEnvVarsInLog = 0;
		};
/* End PBXShellScriptBuildPhase section */

/* Begin PBXSourcesBuildPhase section */
		790E3CB5204364DF0051D791 /* Sources */ = {
			isa = PBXSourcesBuildPhase;
			buildActionMask = 2147483647;
			files = (
				790E3CBF204364DF0051D791 /* ViewController.swift in Sources */,
				790E3CBD204364DF0051D791 /* AppDelegate.swift in Sources */,
				79E6E2A92043D10F00A81234 /* ProductService.swift in Sources */,
			);
			runOnlyForDeploymentPostprocessing = 0;
		};
/* End PBXSourcesBuildPhase section */

/* Begin PBXVariantGroup section */
		790E3CC0204364DF0051D791 /* Main.storyboard */ = {
			isa = PBXVariantGroup;
			children = (
				790E3CC1204364DF0051D791 /* Base */,
			);
			name = Main.storyboard;
			sourceTree = "<group>";
		};
		790E3CC5204364DF0051D791 /* LaunchScreen.storyboard */ = {
			isa = PBXVariantGroup;
			children = (
				790E3CC6204364DF0051D791 /* Base */,
			);
			name = LaunchScreen.storyboard;
			sourceTree = "<group>";
		};
/* End PBXVariantGroup section */

/* Begin XCBuildConfiguration section */
		790E3CC9204364DF0051D791 /* Debug */ = {
			isa = XCBuildConfiguration;
			buildSettings = {
				ALWAYS_SEARCH_USER_PATHS = NO;
				CLANG_ANALYZER_NONNULL = YES;
				CLANG_ANALYZER_NUMBER_OBJECT_CONVERSION = YES_AGGRESSIVE;
				CLANG_CXX_LANGUAGE_STANDARD = "gnu++14";
				CLANG_CXX_LIBRARY = "libc++";
				CLANG_ENABLE_MODULES = YES;
				CLANG_ENABLE_OBJC_ARC = YES;
				CLANG_WARN_BLOCK_CAPTURE_AUTORELEASING = YES;
				CLANG_WARN_BOOL_CONVERSION = YES;
				CLANG_WARN_COMMA = YES;
				CLANG_WARN_CONSTANT_CONVERSION = YES;
				CLANG_WARN_DIRECT_OBJC_ISA_USAGE = YES_ERROR;
				CLANG_WARN_DOCUMENTATION_COMMENTS = YES;
				CLANG_WARN_EMPTY_BODY = YES;
				CLANG_WARN_ENUM_CONVERSION = YES;
				CLANG_WARN_INFINITE_RECURSION = YES;
				CLANG_WARN_INT_CONVERSION = YES;
				CLANG_WARN_NON_LITERAL_NULL_CONVERSION = YES;
				CLANG_WARN_OBJC_LITERAL_CONVERSION = YES;
				CLANG_WARN_OBJC_ROOT_CLASS = YES_ERROR;
				CLANG_WARN_RANGE_LOOP_ANALYSIS = YES;
				CLANG_WARN_STRICT_PROTOTYPES = YES;
				CLANG_WARN_SUSPICIOUS_MOVE = YES;
				CLANG_WARN_UNGUARDED_AVAILABILITY = YES_AGGRESSIVE;
				CLANG_WARN_UNREACHABLE_CODE = YES;
				CLANG_WARN__DUPLICATE_METHOD_MATCH = YES;
				CODE_SIGN_IDENTITY = "iPhone Developer";
				COPY_PHASE_STRIP = NO;
				DEBUG_INFORMATION_FORMAT = dwarf;
				ENABLE_STRICT_OBJC_MSGSEND = YES;
				ENABLE_TESTABILITY = YES;
				GCC_C_LANGUAGE_STANDARD = gnu11;
				GCC_DYNAMIC_NO_PIC = NO;
				GCC_NO_COMMON_BLOCKS = YES;
				GCC_OPTIMIZATION_LEVEL = 0;
				GCC_PREPROCESSOR_DEFINITIONS = (
					"DEBUG=1",
					"$(inherited)",
				);
				GCC_WARN_64_TO_32_BIT_CONVERSION = YES;
				GCC_WARN_ABOUT_RETURN_TYPE = YES_ERROR;
				GCC_WARN_UNDECLARED_SELECTOR = YES;
				GCC_WARN_UNINITIALIZED_AUTOS = YES_AGGRESSIVE;
				GCC_WARN_UNUSED_FUNCTION = YES;
				GCC_WARN_UNUSED_VARIABLE = YES;
				IPHONEOS_DEPLOYMENT_TARGET = 11.2;
				MTL_ENABLE_DEBUG_INFO = YES;
				ONLY_ACTIVE_ARCH = YES;
				SDKROOT = iphoneos;
				SWIFT_ACTIVE_COMPILATION_CONDITIONS = DEBUG;
				SWIFT_OPTIMIZATION_LEVEL = "-Onone";
			};
			name = Debug;
		};
		790E3CCA204364DF0051D791 /* Release */ = {
			isa = XCBuildConfiguration;
			buildSettings = {
				ALWAYS_SEARCH_USER_PATHS = NO;
				CLANG_ANALYZER_NONNULL = YES;
				CLANG_ANALYZER_NUMBER_OBJECT_CONVERSION = YES_AGGRESSIVE;
				CLANG_CXX_LANGUAGE_STANDARD = "gnu++14";
				CLANG_CXX_LIBRARY = "libc++";
				CLANG_ENABLE_MODULES = YES;
				CLANG_ENABLE_OBJC_ARC = YES;
				CLANG_WARN_BLOCK_CAPTURE_AUTORELEASING = YES;
				CLANG_WARN_BOOL_CONVERSION = YES;
				CLANG_WARN_COMMA = YES;
				CLANG_WARN_CONSTANT_CONVERSION = YES;
				CLANG_WARN_DIRECT_OBJC_ISA_USAGE = YES_ERROR;
				CLANG_WARN_DOCUMENTATION_COMMENTS = YES;
				CLANG_WARN_EMPTY_BODY = YES;
				CLANG_WARN_ENUM_CONVERSION = YES;
				CLANG_WARN_INFINITE_RECURSION = YES;
				CLANG_WARN_INT_CONVERSION = YES;
				CLANG_WARN_NON_LITERAL_NULL_CONVERSION = YES;
				CLANG_WARN_OBJC_LITERAL_CONVERSION = YES;
				CLANG_WARN_OBJC_ROOT_CLASS = YES_ERROR;
				CLANG_WARN_RANGE_LOOP_ANALYSIS = YES;
				CLANG_WARN_STRICT_PROTOTYPES = YES;
				CLANG_WARN_SUSPICIOUS_MOVE = YES;
				CLANG_WARN_UNGUARDED_AVAILABILITY = YES_AGGRESSIVE;
				CLANG_WARN_UNREACHABLE_CODE = YES;
				CLANG_WARN__DUPLICATE_METHOD_MATCH = YES;
				CODE_SIGN_IDENTITY = "iPhone Developer";
				COPY_PHASE_STRIP = NO;
				DEBUG_INFORMATION_FORMAT = "dwarf-with-dsym";
				ENABLE_NS_ASSERTIONS = NO;
				ENABLE_STRICT_OBJC_MSGSEND = YES;
				GCC_C_LANGUAGE_STANDARD = gnu11;
				GCC_NO_COMMON_BLOCKS = YES;
				GCC_WARN_64_TO_32_BIT_CONVERSION = YES;
				GCC_WARN_ABOUT_RETURN_TYPE = YES_ERROR;
				GCC_WARN_UNDECLARED_SELECTOR = YES;
				GCC_WARN_UNINITIALIZED_AUTOS = YES_AGGRESSIVE;
				GCC_WARN_UNUSED_FUNCTION = YES;
				GCC_WARN_UNUSED_VARIABLE = YES;
				IPHONEOS_DEPLOYMENT_TARGET = 11.2;
				MTL_ENABLE_DEBUG_INFO = NO;
				SDKROOT = iphoneos;
				SWIFT_OPTIMIZATION_LEVEL = "-Owholemodule";
				VALIDATE_PRODUCT = YES;
			};
			name = Release;
		};
		790E3CCC204364DF0051D791 /* Debug */ = {
			isa = XCBuildConfiguration;
			baseConfigurationReference = BD184E6FC46D514B21CA8CF9 /* Pods-WaveChallenge.debug.xcconfig */;
			buildSettings = {
				ASSETCATALOG_COMPILER_APPICON_NAME = AppIcon;
				CODE_SIGN_STYLE = Automatic;
				DEVELOPMENT_TEAM = 6MSKREFSU6;
				INFOPLIST_FILE = WaveChallenge/Info.plist;
				IPHONEOS_DEPLOYMENT_TARGET = 10.0;
				LD_RUNPATH_SEARCH_PATHS = "$(inherited) @executable_path/Frameworks";
				PRODUCT_BUNDLE_IDENTIFIER = com.chrishuyta.mobile.WaveChallenge;
				PRODUCT_NAME = "$(TARGET_NAME)";
				SWIFT_VERSION = 4.0;
				TARGETED_DEVICE_FAMILY = "1,2";
			};
			name = Debug;
		};
		790E3CCD204364DF0051D791 /* Release */ = {
			isa = XCBuildConfiguration;
			baseConfigurationReference = FA9B3A5D6B45BA41691F34C8 /* Pods-WaveChallenge.release.xcconfig */;
			buildSettings = {
				ASSETCATALOG_COMPILER_APPICON_NAME = AppIcon;
				CODE_SIGN_STYLE = Automatic;
				DEVELOPMENT_TEAM = 6MSKREFSU6;
				INFOPLIST_FILE = WaveChallenge/Info.plist;
				IPHONEOS_DEPLOYMENT_TARGET = 10.0;
				LD_RUNPATH_SEARCH_PATHS = "$(inherited) @executable_path/Frameworks";
				PRODUCT_BUNDLE_IDENTIFIER = com.chrishuyta.mobile.WaveChallenge;
				PRODUCT_NAME = "$(TARGET_NAME)";
				SWIFT_VERSION = 4.0;
				TARGETED_DEVICE_FAMILY = "1,2";
			};
			name = Release;
		};
/* End XCBuildConfiguration section */

/* Begin XCConfigurationList section */
		790E3CB4204364DF0051D791 /* Build configuration list for PBXProject "WaveChallenge" */ = {
			isa = XCConfigurationList;
			buildConfigurations = (
				790E3CC9204364DF0051D791 /* Debug */,
				790E3CCA204364DF0051D791 /* Release */,
			);
			defaultConfigurationIsVisible = 0;
			defaultConfigurationName = Release;
		};
		790E3CCB204364DF0051D791 /* Build configuration list for PBXNativeTarget "WaveChallenge" */ = {
			isa = XCConfigurationList;
			buildConfigurations = (
				790E3CCC204364DF0051D791 /* Debug */,
				790E3CCD204364DF0051D791 /* Release */,
			);
			defaultConfigurationIsVisible = 0;
			defaultConfigurationName = Release;
		};
/* End XCConfigurationList section */
	};
	rootObject = 790E3CB1204364DF0051D791 /* Project object */;
}
